// !$*UTF8*$!
{
	archiveVersion = 1;
	classes = {
	};
	objectVersion = 56;
	objects = {

/* Begin PBXBuildFile section */
		2C683FB52A0DF7FB00DC69AF /* IFTTT_challengeApp.swift in Sources */ = {isa = PBXBuildFile; fileRef = 2C683FB42A0DF7FB00DC69AF /* IFTTT_challengeApp.swift */; };
		2C683FB72A0DF7FB00DC69AF /* ContentView.swift in Sources */ = {isa = PBXBuildFile; fileRef = 2C683FB62A0DF7FB00DC69AF /* ContentView.swift */; };
		2C683FB92A0DF7FC00DC69AF /* Assets.xcassets in Resources */ = {isa = PBXBuildFile; fileRef = 2C683FB82A0DF7FC00DC69AF /* Assets.xcassets */; };
		2C683FBC2A0DF7FC00DC69AF /* Preview Assets.xcassets in Resources */ = {isa = PBXBuildFile; fileRef = 2C683FBB2A0DF7FC00DC69AF /* Preview Assets.xcassets */; };
		2C683FC62A0DF7FC00DC69AF /* IFTTT_challengeTests.swift in Sources */ = {isa = PBXBuildFile; fileRef = 2C683FC52A0DF7FC00DC69AF /* IFTTT_challengeTests.swift */; };
		2C683FD02A0DF7FC00DC69AF /* IFTTT_challengeUITests.swift in Sources */ = {isa = PBXBuildFile; fileRef = 2C683FCF2A0DF7FC00DC69AF /* IFTTT_challengeUITests.swift */; };
		2C683FD22A0DF7FC00DC69AF /* IFTTT_challengeUITestsLaunchTests.swift in Sources */ = {isa = PBXBuildFile; fileRef = 2C683FD12A0DF7FC00DC69AF /* IFTTT_challengeUITestsLaunchTests.swift */; };
		2C683FDF2A0EA90B00DC69AF /* applets.json in Resources */ = {isa = PBXBuildFile; fileRef = 2C683FDE2A0EA90B00DC69AF /* applets.json */; };
		2C683FE22A0EB35E00DC69AF /* NetworkService.swift in Sources */ = {isa = PBXBuildFile; fileRef = 2C683FE12A0EB35E00DC69AF /* NetworkService.swift */; };
		2C683FE42A0EBE2100DC69AF /* JSON-mock.json in Resources */ = {isa = PBXBuildFile; fileRef = 2C683FE32A0EBE2100DC69AF /* JSON-mock.json */; };
		2C683FE72A0EBE6800DC69AF /* NetworkServiceTests.swift in Sources */ = {isa = PBXBuildFile; fileRef = 2C683FE62A0EBE6800DC69AF /* NetworkServiceTests.swift */; };
		2CF703322A0EFF0000E130CC /* AppletService.swift in Sources */ = {isa = PBXBuildFile; fileRef = 2CF703312A0EFF0000E130CC /* AppletService.swift */; };
		2CF703342A0EFF8600E130CC /* DTOApplet.swift in Sources */ = {isa = PBXBuildFile; fileRef = 2CF703332A0EFF8600E130CC /* DTOApplet.swift */; };
		2CF703372A0F005300E130CC /* Channel.swift in Sources */ = {isa = PBXBuildFile; fileRef = 2CF703362A0F005300E130CC /* Channel.swift */; };
		2CF703392A0F008D00E130CC /* BackgroundImages.swift in Sources */ = {isa = PBXBuildFile; fileRef = 2CF703382A0F008D00E130CC /* BackgroundImages.swift */; };
		2CF7033B2A0F06F000E130CC /* FenceArea.swift in Sources */ = {isa = PBXBuildFile; fileRef = 2CF7033A2A0F06F000E130CC /* FenceArea.swift */; };
		2CF703412A101DB300E130CC /* JSONDecoder+Ext.swift in Sources */ = {isa = PBXBuildFile; fileRef = 2CF703402A101DB300E130CC /* JSONDecoder+Ext.swift */; };
		2CF703432A1064DA00E130CC /* AppletServiceTests.swift in Sources */ = {isa = PBXBuildFile; fileRef = 2CF703422A1064DA00E130CC /* AppletServiceTests.swift */; };
		2CF703452A1142F200E130CC /* AppletListViewModel.swift in Sources */ = {isa = PBXBuildFile; fileRef = 2CF703442A1142F200E130CC /* AppletListViewModel.swift */; };
		2CF703472A129EF900E130CC /* AppletPreview.swift in Sources */ = {isa = PBXBuildFile; fileRef = 2CF703462A129EF900E130CC /* AppletPreview.swift */; };
		2CF703492A129F9C00E130CC /* AppletStatus.swift in Sources */ = {isa = PBXBuildFile; fileRef = 2CF703482A129F9C00E130CC /* AppletStatus.swift */; };
		2CF7034B2A133ACD00E130CC /* AppletDetail.swift in Sources */ = {isa = PBXBuildFile; fileRef = 2CF7034A2A133ACD00E130CC /* AppletDetail.swift */; };
		2CF7034E2A13443700E130CC /* AppletListView.swift in Sources */ = {isa = PBXBuildFile; fileRef = 2CF7034D2A13443700E130CC /* AppletListView.swift */; };
		2CF703512A13463C00E130CC /* Kingfisher in Frameworks */ = {isa = PBXBuildFile; productRef = 2CF703502A13463C00E130CC /* Kingfisher */; };
/* End PBXBuildFile section */

/* Begin PBXContainerItemProxy section */
		2C683FC22A0DF7FC00DC69AF /* PBXContainerItemProxy */ = {
			isa = PBXContainerItemProxy;
			containerPortal = 2C683FA92A0DF7FB00DC69AF /* Project object */;
			proxyType = 1;
			remoteGlobalIDString = 2C683FB02A0DF7FB00DC69AF;
			remoteInfo = "IFTTT-challenge";
		};
		2C683FCC2A0DF7FC00DC69AF /* PBXContainerItemProxy */ = {
			isa = PBXContainerItemProxy;
			containerPortal = 2C683FA92A0DF7FB00DC69AF /* Project object */;
			proxyType = 1;
			remoteGlobalIDString = 2C683FB02A0DF7FB00DC69AF;
			remoteInfo = "IFTTT-challenge";
		};
/* End PBXContainerItemProxy section */

/* Begin PBXFileReference section */
		2C683FB12A0DF7FB00DC69AF /* IFTTT-challenge.app */ = {isa = PBXFileReference; explicitFileType = wrapper.application; includeInIndex = 0; path = "IFTTT-challenge.app"; sourceTree = BUILT_PRODUCTS_DIR; };
		2C683FB42A0DF7FB00DC69AF /* IFTTT_challengeApp.swift */ = {isa = PBXFileReference; lastKnownFileType = sourcecode.swift; path = IFTTT_challengeApp.swift; sourceTree = "<group>"; };
		2C683FB62A0DF7FB00DC69AF /* ContentView.swift */ = {isa = PBXFileReference; lastKnownFileType = sourcecode.swift; path = ContentView.swift; sourceTree = "<group>"; };
		2C683FB82A0DF7FC00DC69AF /* Assets.xcassets */ = {isa = PBXFileReference; lastKnownFileType = folder.assetcatalog; path = Assets.xcassets; sourceTree = "<group>"; };
		2C683FBB2A0DF7FC00DC69AF /* Preview Assets.xcassets */ = {isa = PBXFileReference; lastKnownFileType = folder.assetcatalog; path = "Preview Assets.xcassets"; sourceTree = "<group>"; };
		2C683FC12A0DF7FC00DC69AF /* IFTTT-challengeTests.xctest */ = {isa = PBXFileReference; explicitFileType = wrapper.cfbundle; includeInIndex = 0; path = "IFTTT-challengeTests.xctest"; sourceTree = BUILT_PRODUCTS_DIR; };
		2C683FC52A0DF7FC00DC69AF /* IFTTT_challengeTests.swift */ = {isa = PBXFileReference; lastKnownFileType = sourcecode.swift; path = IFTTT_challengeTests.swift; sourceTree = "<group>"; };
		2C683FCB2A0DF7FC00DC69AF /* IFTTT-challengeUITests.xctest */ = {isa = PBXFileReference; explicitFileType = wrapper.cfbundle; includeInIndex = 0; path = "IFTTT-challengeUITests.xctest"; sourceTree = BUILT_PRODUCTS_DIR; };
		2C683FCF2A0DF7FC00DC69AF /* IFTTT_challengeUITests.swift */ = {isa = PBXFileReference; lastKnownFileType = sourcecode.swift; path = IFTTT_challengeUITests.swift; sourceTree = "<group>"; };
		2C683FD12A0DF7FC00DC69AF /* IFTTT_challengeUITestsLaunchTests.swift */ = {isa = PBXFileReference; lastKnownFileType = sourcecode.swift; path = IFTTT_challengeUITestsLaunchTests.swift; sourceTree = "<group>"; };
		2C683FDE2A0EA90B00DC69AF /* applets.json */ = {isa = PBXFileReference; fileEncoding = 4; lastKnownFileType = text.json; path = applets.json; sourceTree = "<group>"; };
		2C683FE12A0EB35E00DC69AF /* NetworkService.swift */ = {isa = PBXFileReference; lastKnownFileType = sourcecode.swift; path = NetworkService.swift; sourceTree = "<group>"; };
		2C683FE32A0EBE2100DC69AF /* JSON-mock.json */ = {isa = PBXFileReference; fileEncoding = 4; lastKnownFileType = text.json; path = "JSON-mock.json"; sourceTree = "<group>"; };
		2C683FE62A0EBE6800DC69AF /* NetworkServiceTests.swift */ = {isa = PBXFileReference; lastKnownFileType = sourcecode.swift; path = NetworkServiceTests.swift; sourceTree = "<group>"; };
		2CF703312A0EFF0000E130CC /* AppletService.swift */ = {isa = PBXFileReference; lastKnownFileType = sourcecode.swift; path = AppletService.swift; sourceTree = "<group>"; };
		2CF703332A0EFF8600E130CC /* DTOApplet.swift */ = {isa = PBXFileReference; lastKnownFileType = sourcecode.swift; path = DTOApplet.swift; sourceTree = "<group>"; };
		2CF703362A0F005300E130CC /* Channel.swift */ = {isa = PBXFileReference; lastKnownFileType = sourcecode.swift; path = Channel.swift; sourceTree = "<group>"; };
		2CF703382A0F008D00E130CC /* BackgroundImages.swift */ = {isa = PBXFileReference; lastKnownFileType = sourcecode.swift; path = BackgroundImages.swift; sourceTree = "<group>"; };
		2CF7033A2A0F06F000E130CC /* FenceArea.swift */ = {isa = PBXFileReference; lastKnownFileType = sourcecode.swift; path = FenceArea.swift; sourceTree = "<group>"; };
		2CF703402A101DB300E130CC /* JSONDecoder+Ext.swift */ = {isa = PBXFileReference; lastKnownFileType = sourcecode.swift; path = "JSONDecoder+Ext.swift"; sourceTree = "<group>"; };
		2CF703422A1064DA00E130CC /* AppletServiceTests.swift */ = {isa = PBXFileReference; lastKnownFileType = sourcecode.swift; path = AppletServiceTests.swift; sourceTree = "<group>"; };
		2CF703442A1142F200E130CC /* AppletListViewModel.swift */ = {isa = PBXFileReference; lastKnownFileType = sourcecode.swift; path = AppletListViewModel.swift; sourceTree = "<group>"; };
		2CF703462A129EF900E130CC /* AppletPreview.swift */ = {isa = PBXFileReference; lastKnownFileType = sourcecode.swift; path = AppletPreview.swift; sourceTree = "<group>"; };
		2CF703482A129F9C00E130CC /* AppletStatus.swift */ = {isa = PBXFileReference; lastKnownFileType = sourcecode.swift; path = AppletStatus.swift; sourceTree = "<group>"; };
		2CF7034A2A133ACD00E130CC /* AppletDetail.swift */ = {isa = PBXFileReference; lastKnownFileType = sourcecode.swift; path = AppletDetail.swift; sourceTree = "<group>"; };
		2CF7034D2A13443700E130CC /* AppletListView.swift */ = {isa = PBXFileReference; lastKnownFileType = sourcecode.swift; path = AppletListView.swift; sourceTree = "<group>"; };
/* End PBXFileReference section */

/* Begin PBXFrameworksBuildPhase section */
		2C683FAE2A0DF7FB00DC69AF /* Frameworks */ = {
			isa = PBXFrameworksBuildPhase;
			buildActionMask = 2147483647;
			files = (
				2CF703512A13463C00E130CC /* Kingfisher in Frameworks */,
			);
			runOnlyForDeploymentPostprocessing = 0;
		};
		2C683FBE2A0DF7FC00DC69AF /* Frameworks */ = {
			isa = PBXFrameworksBuildPhase;
			buildActionMask = 2147483647;
			files = (
			);
			runOnlyForDeploymentPostprocessing = 0;
		};
		2C683FC82A0DF7FC00DC69AF /* Frameworks */ = {
			isa = PBXFrameworksBuildPhase;
			buildActionMask = 2147483647;
			files = (
			);
			runOnlyForDeploymentPostprocessing = 0;
		};
/* End PBXFrameworksBuildPhase section */

/* Begin PBXGroup section */
		2C683FA82A0DF7FB00DC69AF = {
			isa = PBXGroup;
			children = (
				2C683FB32A0DF7FB00DC69AF /* IFTTT-challenge */,
				2C683FC42A0DF7FC00DC69AF /* IFTTT-challengeTests */,
				2C683FCE2A0DF7FC00DC69AF /* IFTTT-challengeUITests */,
				2C683FB22A0DF7FB00DC69AF /* Products */,
			);
			sourceTree = "<group>";
		};
		2C683FB22A0DF7FB00DC69AF /* Products */ = {
			isa = PBXGroup;
			children = (
				2C683FB12A0DF7FB00DC69AF /* IFTTT-challenge.app */,
				2C683FC12A0DF7FC00DC69AF /* IFTTT-challengeTests.xctest */,
				2C683FCB2A0DF7FC00DC69AF /* IFTTT-challengeUITests.xctest */,
			);
			name = Products;
			sourceTree = "<group>";
		};
		2C683FB32A0DF7FB00DC69AF /* IFTTT-challenge */ = {
			isa = PBXGroup;
			children = (
				2C683FB42A0DF7FB00DC69AF /* IFTTT_challengeApp.swift */,
				2C683FB62A0DF7FB00DC69AF /* ContentView.swift */,
				2CF7034C2A1343E300E130CC /* Applet List */,
				2CF7033F2A0F0BDD00E130CC /* Data Controllers */,
				2CF703352A0EFF8A00E130CC /* Models */,
				2CF703302A0EFEB300E130CC /* Utilities */,
				2CF7033E2A0F09C800E130CC /* Extensions */,
				2C683FB82A0DF7FC00DC69AF /* Assets.xcassets */,
				2C683FE02A0EA93200DC69AF /* Resources */,
				2C683FBA2A0DF7FC00DC69AF /* Preview Content */,
			);
			path = "IFTTT-challenge";
			sourceTree = "<group>";
		};
		2C683FBA2A0DF7FC00DC69AF /* Preview Content */ = {
			isa = PBXGroup;
			children = (
				2C683FBB2A0DF7FC00DC69AF /* Preview Assets.xcassets */,
			);
			path = "Preview Content";
			sourceTree = "<group>";
		};
		2C683FC42A0DF7FC00DC69AF /* IFTTT-challengeTests */ = {
			isa = PBXGroup;
			children = (
				2C683FC52A0DF7FC00DC69AF /* IFTTT_challengeTests.swift */,
				2C683FE62A0EBE6800DC69AF /* NetworkServiceTests.swift */,
				2CF703422A1064DA00E130CC /* AppletServiceTests.swift */,
				2C683FE52A0EBE2600DC69AF /* Resources */,
			);
			path = "IFTTT-challengeTests";
			sourceTree = "<group>";
		};
		2C683FCE2A0DF7FC00DC69AF /* IFTTT-challengeUITests */ = {
			isa = PBXGroup;
			children = (
				2C683FCF2A0DF7FC00DC69AF /* IFTTT_challengeUITests.swift */,
				2C683FD12A0DF7FC00DC69AF /* IFTTT_challengeUITestsLaunchTests.swift */,
			);
			path = "IFTTT-challengeUITests";
			sourceTree = "<group>";
		};
		2C683FE02A0EA93200DC69AF /* Resources */ = {
			isa = PBXGroup;
			children = (
				2C683FDE2A0EA90B00DC69AF /* applets.json */,
			);
			path = Resources;
			sourceTree = "<group>";
		};
		2C683FE52A0EBE2600DC69AF /* Resources */ = {
			isa = PBXGroup;
			children = (
				2C683FE32A0EBE2100DC69AF /* JSON-mock.json */,
			);
			path = Resources;
			sourceTree = "<group>";
		};
		2CF703302A0EFEB300E130CC /* Utilities */ = {
			isa = PBXGroup;
			children = (
				2C683FE12A0EB35E00DC69AF /* NetworkService.swift */,
			);
			path = Utilities;
			sourceTree = "<group>";
		};
		2CF703352A0EFF8A00E130CC /* Models */ = {
			isa = PBXGroup;
			children = (
				2CF703332A0EFF8600E130CC /* DTOApplet.swift */,
				2CF703362A0F005300E130CC /* Channel.swift */,
				2CF7033A2A0F06F000E130CC /* FenceArea.swift */,
				2CF703382A0F008D00E130CC /* BackgroundImages.swift */,
				2CF703482A129F9C00E130CC /* AppletStatus.swift */,
				2CF703462A129EF900E130CC /* AppletPreview.swift */,
				2CF7034A2A133ACD00E130CC /* AppletDetail.swift */,
			);
			path = Models;
			sourceTree = "<group>";
		};
		2CF7033E2A0F09C800E130CC /* Extensions */ = {
			isa = PBXGroup;
			children = (
				2CF703402A101DB300E130CC /* JSONDecoder+Ext.swift */,
			);
			path = Extensions;
			sourceTree = "<group>";
		};
		2CF7033F2A0F0BDD00E130CC /* Data Controllers */ = {
			isa = PBXGroup;
			children = (
				2CF703312A0EFF0000E130CC /* AppletService.swift */,
			);
			path = "Data Controllers";
			sourceTree = "<group>";
		};
		2CF7034C2A1343E300E130CC /* Applet List */ = {
			isa = PBXGroup;
			children = (
				2CF703442A1142F200E130CC /* AppletListViewModel.swift */,
				2CF7034D2A13443700E130CC /* AppletListView.swift */,
			);
			path = "Applet List";
			sourceTree = "<group>";
		};
/* End PBXGroup section */

/* Begin PBXNativeTarget section */
		2C683FB02A0DF7FB00DC69AF /* IFTTT-challenge */ = {
			isa = PBXNativeTarget;
			buildConfigurationList = 2C683FD52A0DF7FC00DC69AF /* Build configuration list for PBXNativeTarget "IFTTT-challenge" */;
			buildPhases = (
				2C683FAD2A0DF7FB00DC69AF /* Sources */,
				2C683FAE2A0DF7FB00DC69AF /* Frameworks */,
				2C683FAF2A0DF7FB00DC69AF /* Resources */,
			);
			buildRules = (
			);
			dependencies = (
			);
			name = "IFTTT-challenge";
			packageProductDependencies = (
				2CF703502A13463C00E130CC /* Kingfisher */,
			);
			productName = "IFTTT-challenge";
			productReference = 2C683FB12A0DF7FB00DC69AF /* IFTTT-challenge.app */;
			productType = "com.apple.product-type.application";
		};
		2C683FC02A0DF7FC00DC69AF /* IFTTT-challengeTests */ = {
			isa = PBXNativeTarget;
			buildConfigurationList = 2C683FD82A0DF7FC00DC69AF /* Build configuration list for PBXNativeTarget "IFTTT-challengeTests" */;
			buildPhases = (
				2C683FBD2A0DF7FC00DC69AF /* Sources */,
				2C683FBE2A0DF7FC00DC69AF /* Frameworks */,
				2C683FBF2A0DF7FC00DC69AF /* Resources */,
			);
			buildRules = (
			);
			dependencies = (
				2C683FC32A0DF7FC00DC69AF /* PBXTargetDependency */,
			);
			name = "IFTTT-challengeTests";
			productName = "IFTTT-challengeTests";
			productReference = 2C683FC12A0DF7FC00DC69AF /* IFTTT-challengeTests.xctest */;
			productType = "com.apple.product-type.bundle.unit-test";
		};
		2C683FCA2A0DF7FC00DC69AF /* IFTTT-challengeUITests */ = {
			isa = PBXNativeTarget;
			buildConfigurationList = 2C683FDB2A0DF7FC00DC69AF /* Build configuration list for PBXNativeTarget "IFTTT-challengeUITests" */;
			buildPhases = (
				2C683FC72A0DF7FC00DC69AF /* Sources */,
				2C683FC82A0DF7FC00DC69AF /* Frameworks */,
				2C683FC92A0DF7FC00DC69AF /* Resources */,
			);
			buildRules = (
			);
			dependencies = (
				2C683FCD2A0DF7FC00DC69AF /* PBXTargetDependency */,
			);
			name = "IFTTT-challengeUITests";
			productName = "IFTTT-challengeUITests";
			productReference = 2C683FCB2A0DF7FC00DC69AF /* IFTTT-challengeUITests.xctest */;
			productType = "com.apple.product-type.bundle.ui-testing";
		};
/* End PBXNativeTarget section */

/* Begin PBXProject section */
		2C683FA92A0DF7FB00DC69AF /* Project object */ = {
			isa = PBXProject;
			attributes = {
				BuildIndependentTargetsInParallel = 1;
				LastSwiftUpdateCheck = 1430;
				LastUpgradeCheck = 1430;
				TargetAttributes = {
					2C683FB02A0DF7FB00DC69AF = {
						CreatedOnToolsVersion = 14.3;
					};
					2C683FC02A0DF7FC00DC69AF = {
						CreatedOnToolsVersion = 14.3;
						TestTargetID = 2C683FB02A0DF7FB00DC69AF;
					};
					2C683FCA2A0DF7FC00DC69AF = {
						CreatedOnToolsVersion = 14.3;
						TestTargetID = 2C683FB02A0DF7FB00DC69AF;
					};
				};
			};
			buildConfigurationList = 2C683FAC2A0DF7FB00DC69AF /* Build configuration list for PBXProject "IFTTT-challenge" */;
			compatibilityVersion = "Xcode 14.0";
			developmentRegion = en;
			hasScannedForEncodings = 0;
			knownRegions = (
				en,
				Base,
			);
			mainGroup = 2C683FA82A0DF7FB00DC69AF;
			packageReferences = (
				2CF7034F2A13463C00E130CC /* XCRemoteSwiftPackageReference "Kingfisher" */,
			);
			productRefGroup = 2C683FB22A0DF7FB00DC69AF /* Products */;
			projectDirPath = "";
			projectRoot = "";
			targets = (
				2C683FB02A0DF7FB00DC69AF /* IFTTT-challenge */,
				2C683FC02A0DF7FC00DC69AF /* IFTTT-challengeTests */,
				2C683FCA2A0DF7FC00DC69AF /* IFTTT-challengeUITests */,
			);
		};
/* End PBXProject section */

/* Begin PBXResourcesBuildPhase section */
		2C683FAF2A0DF7FB00DC69AF /* Resources */ = {
			isa = PBXResourcesBuildPhase;
			buildActionMask = 2147483647;
			files = (
				2C683FDF2A0EA90B00DC69AF /* applets.json in Resources */,
				2C683FBC2A0DF7FC00DC69AF /* Preview Assets.xcassets in Resources */,
				2C683FB92A0DF7FC00DC69AF /* Assets.xcassets in Resources */,
			);
			runOnlyForDeploymentPostprocessing = 0;
		};
		2C683FBF2A0DF7FC00DC69AF /* Resources */ = {
			isa = PBXResourcesBuildPhase;
			buildActionMask = 2147483647;
			files = (
				2C683FE42A0EBE2100DC69AF /* JSON-mock.json in Resources */,
			);
			runOnlyForDeploymentPostprocessing = 0;
		};
		2C683FC92A0DF7FC00DC69AF /* Resources */ = {
			isa = PBXResourcesBuildPhase;
			buildActionMask = 2147483647;
			files = (
			);
			runOnlyForDeploymentPostprocessing = 0;
		};
/* End PBXResourcesBuildPhase section */

/* Begin PBXSourcesBuildPhase section */
		2C683FAD2A0DF7FB00DC69AF /* Sources */ = {
			isa = PBXSourcesBuildPhase;
			buildActionMask = 2147483647;
			files = (
				2C683FB72A0DF7FB00DC69AF /* ContentView.swift in Sources */,
				2CF703372A0F005300E130CC /* Channel.swift in Sources */,
				2CF7034B2A133ACD00E130CC /* AppletDetail.swift in Sources */,
				2CF703342A0EFF8600E130CC /* DTOApplet.swift in Sources */,
				2CF703392A0F008D00E130CC /* BackgroundImages.swift in Sources */,
				2CF703452A1142F200E130CC /* AppletListViewModel.swift in Sources */,
				2CF7034E2A13443700E130CC /* AppletListView.swift in Sources */,
				2CF703472A129EF900E130CC /* AppletPreview.swift in Sources */,
				2CF7033B2A0F06F000E130CC /* FenceArea.swift in Sources */,
				2CF703492A129F9C00E130CC /* AppletStatus.swift in Sources */,
				2CF703322A0EFF0000E130CC /* AppletService.swift in Sources */,
				2C683FE22A0EB35E00DC69AF /* NetworkService.swift in Sources */,
				2CF703412A101DB300E130CC /* JSONDecoder+Ext.swift in Sources */,
				2C683FB52A0DF7FB00DC69AF /* IFTTT_challengeApp.swift in Sources */,
			);
			runOnlyForDeploymentPostprocessing = 0;
		};
		2C683FBD2A0DF7FC00DC69AF /* Sources */ = {
			isa = PBXSourcesBuildPhase;
			buildActionMask = 2147483647;
			files = (
				2C683FE72A0EBE6800DC69AF /* NetworkServiceTests.swift in Sources */,
				2CF703432A1064DA00E130CC /* AppletServiceTests.swift in Sources */,
				2C683FC62A0DF7FC00DC69AF /* IFTTT_challengeTests.swift in Sources */,
			);
			runOnlyForDeploymentPostprocessing = 0;
		};
		2C683FC72A0DF7FC00DC69AF /* Sources */ = {
			isa = PBXSourcesBuildPhase;
			buildActionMask = 2147483647;
			files = (
				2C683FD22A0DF7FC00DC69AF /* IFTTT_challengeUITestsLaunchTests.swift in Sources */,
				2C683FD02A0DF7FC00DC69AF /* IFTTT_challengeUITests.swift in Sources */,
			);
			runOnlyForDeploymentPostprocessing = 0;
		};
/* End PBXSourcesBuildPhase section */

/* Begin PBXTargetDependency section */
		2C683FC32A0DF7FC00DC69AF /* PBXTargetDependency */ = {
			isa = PBXTargetDependency;
			target = 2C683FB02A0DF7FB00DC69AF /* IFTTT-challenge */;
			targetProxy = 2C683FC22A0DF7FC00DC69AF /* PBXContainerItemProxy */;
		};
		2C683FCD2A0DF7FC00DC69AF /* PBXTargetDependency */ = {
			isa = PBXTargetDependency;
			target = 2C683FB02A0DF7FB00DC69AF /* IFTTT-challenge */;
			targetProxy = 2C683FCC2A0DF7FC00DC69AF /* PBXContainerItemProxy */;
		};
/* End PBXTargetDependency section */

/* Begin XCBuildConfiguration section */
		2C683FD32A0DF7FC00DC69AF /* Debug */ = {
			isa = XCBuildConfiguration;
			buildSettings = {
				ALWAYS_SEARCH_USER_PATHS = NO;
				CLANG_ANALYZER_NONNULL = YES;
				CLANG_ANALYZER_NUMBER_OBJECT_CONVERSION = YES_AGGRESSIVE;
				CLANG_CXX_LANGUAGE_STANDARD = "gnu++20";
				CLANG_ENABLE_MODULES = YES;
				CLANG_ENABLE_OBJC_ARC = YES;
				CLANG_ENABLE_OBJC_WEAK = YES;
				CLANG_WARN_BLOCK_CAPTURE_AUTORELEASING = YES;
				CLANG_WARN_BOOL_CONVERSION = YES;
				CLANG_WARN_COMMA = YES;
				CLANG_WARN_CONSTANT_CONVERSION = YES;
				CLANG_WARN_DEPRECATED_OBJC_IMPLEMENTATIONS = YES;
				CLANG_WARN_DIRECT_OBJC_ISA_USAGE = YES_ERROR;
				CLANG_WARN_DOCUMENTATION_COMMENTS = YES;
				CLANG_WARN_EMPTY_BODY = YES;
				CLANG_WARN_ENUM_CONVERSION = YES;
				CLANG_WARN_INFINITE_RECURSION = YES;
				CLANG_WARN_INT_CONVERSION = YES;
				CLANG_WARN_NON_LITERAL_NULL_CONVERSION = YES;
				CLANG_WARN_OBJC_IMPLICIT_RETAIN_SELF = YES;
				CLANG_WARN_OBJC_LITERAL_CONVERSION = YES;
				CLANG_WARN_OBJC_ROOT_CLASS = YES_ERROR;
				CLANG_WARN_QUOTED_INCLUDE_IN_FRAMEWORK_HEADER = YES;
				CLANG_WARN_RANGE_LOOP_ANALYSIS = YES;
				CLANG_WARN_STRICT_PROTOTYPES = YES;
				CLANG_WARN_SUSPICIOUS_MOVE = YES;
				CLANG_WARN_UNGUARDED_AVAILABILITY = YES_AGGRESSIVE;
				CLANG_WARN_UNREACHABLE_CODE = YES;
				CLANG_WARN__DUPLICATE_METHOD_MATCH = YES;
				COPY_PHASE_STRIP = NO;
				DEBUG_INFORMATION_FORMAT = dwarf;
				ENABLE_STRICT_OBJC_MSGSEND = YES;
				ENABLE_TESTABILITY = YES;
				GCC_C_LANGUAGE_STANDARD = gnu11;
				GCC_DYNAMIC_NO_PIC = NO;
				GCC_NO_COMMON_BLOCKS = YES;
				GCC_OPTIMIZATION_LEVEL = 0;
				GCC_PREPROCESSOR_DEFINITIONS = (
					"DEBUG=1",
					"$(inherited)",
				);
				GCC_WARN_64_TO_32_BIT_CONVERSION = YES;
				GCC_WARN_ABOUT_RETURN_TYPE = YES_ERROR;
				GCC_WARN_UNDECLARED_SELECTOR = YES;
				GCC_WARN_UNINITIALIZED_AUTOS = YES_AGGRESSIVE;
				GCC_WARN_UNUSED_FUNCTION = YES;
				GCC_WARN_UNUSED_VARIABLE = YES;
				IPHONEOS_DEPLOYMENT_TARGET = 16.4;
				MTL_ENABLE_DEBUG_INFO = INCLUDE_SOURCE;
				MTL_FAST_MATH = YES;
				ONLY_ACTIVE_ARCH = YES;
				SDKROOT = iphoneos;
				SWIFT_ACTIVE_COMPILATION_CONDITIONS = DEBUG;
				SWIFT_OPTIMIZATION_LEVEL = "-Onone";
			};
			name = Debug;
		};
		2C683FD42A0DF7FC00DC69AF /* Release */ = {
			isa = XCBuildConfiguration;
			buildSettings = {
				ALWAYS_SEARCH_USER_PATHS = NO;
				CLANG_ANALYZER_NONNULL = YES;
				CLANG_ANALYZER_NUMBER_OBJECT_CONVERSION = YES_AGGRESSIVE;
				CLANG_CXX_LANGUAGE_STANDARD = "gnu++20";
				CLANG_ENABLE_MODULES = YES;
				CLANG_ENABLE_OBJC_ARC = YES;
				CLANG_ENABLE_OBJC_WEAK = YES;
				CLANG_WARN_BLOCK_CAPTURE_AUTORELEASING = YES;
				CLANG_WARN_BOOL_CONVERSION = YES;
				CLANG_WARN_COMMA = YES;
				CLANG_WARN_CONSTANT_CONVERSION = YES;
				CLANG_WARN_DEPRECATED_OBJC_IMPLEMENTATIONS = YES;
				CLANG_WARN_DIRECT_OBJC_ISA_USAGE = YES_ERROR;
				CLANG_WARN_DOCUMENTATION_COMMENTS = YES;
				CLANG_WARN_EMPTY_BODY = YES;
				CLANG_WARN_ENUM_CONVERSION = YES;
				CLANG_WARN_INFINITE_RECURSION = YES;
				CLANG_WARN_INT_CONVERSION = YES;
				CLANG_WARN_NON_LITERAL_NULL_CONVERSION = YES;
				CLANG_WARN_OBJC_IMPLICIT_RETAIN_SELF = YES;
				CLANG_WARN_OBJC_LITERAL_CONVERSION = YES;
				CLANG_WARN_OBJC_ROOT_CLASS = YES_ERROR;
				CLANG_WARN_QUOTED_INCLUDE_IN_FRAMEWORK_HEADER = YES;
				CLANG_WARN_RANGE_LOOP_ANALYSIS = YES;
				CLANG_WARN_STRICT_PROTOTYPES = YES;
				CLANG_WARN_SUSPICIOUS_MOVE = YES;
				CLANG_WARN_UNGUARDED_AVAILABILITY = YES_AGGRESSIVE;
				CLANG_WARN_UNREACHABLE_CODE = YES;
				CLANG_WARN__DUPLICATE_METHOD_MATCH = YES;
				COPY_PHASE_STRIP = NO;
				DEBUG_INFORMATION_FORMAT = "dwarf-with-dsym";
				ENABLE_NS_ASSERTIONS = NO;
				ENABLE_STRICT_OBJC_MSGSEND = YES;
				GCC_C_LANGUAGE_STANDARD = gnu11;
				GCC_NO_COMMON_BLOCKS = YES;
				GCC_WARN_64_TO_32_BIT_CONVERSION = YES;
				GCC_WARN_ABOUT_RETURN_TYPE = YES_ERROR;
				GCC_WARN_UNDECLARED_SELECTOR = YES;
				GCC_WARN_UNINITIALIZED_AUTOS = YES_AGGRESSIVE;
				GCC_WARN_UNUSED_FUNCTION = YES;
				GCC_WARN_UNUSED_VARIABLE = YES;
				IPHONEOS_DEPLOYMENT_TARGET = 16.4;
				MTL_ENABLE_DEBUG_INFO = NO;
				MTL_FAST_MATH = YES;
				SDKROOT = iphoneos;
				SWIFT_COMPILATION_MODE = wholemodule;
				SWIFT_OPTIMIZATION_LEVEL = "-O";
				VALIDATE_PRODUCT = YES;
			};
			name = Release;
		};
		2C683FD62A0DF7FC00DC69AF /* Debug */ = {
			isa = XCBuildConfiguration;
			buildSettings = {
				ASSETCATALOG_COMPILER_APPICON_NAME = AppIcon;
				ASSETCATALOG_COMPILER_GLOBAL_ACCENT_COLOR_NAME = AccentColor;
				CODE_SIGN_STYLE = Automatic;
				CURRENT_PROJECT_VERSION = 1;
				DEVELOPMENT_ASSET_PATHS = "\"IFTTT-challenge/Preview Content\"";
				DEVELOPMENT_TEAM = 9YLTPA768Z;
				ENABLE_PREVIEWS = YES;
				GENERATE_INFOPLIST_FILE = YES;
				INFOPLIST_KEY_UIApplicationSceneManifest_Generation = YES;
				INFOPLIST_KEY_UIApplicationSupportsIndirectInputEvents = YES;
				INFOPLIST_KEY_UILaunchScreen_Generation = YES;
				INFOPLIST_KEY_UISupportedInterfaceOrientations_iPad = "UIInterfaceOrientationPortrait UIInterfaceOrientationPortraitUpsideDown UIInterfaceOrientationLandscapeLeft UIInterfaceOrientationLandscapeRight";
				INFOPLIST_KEY_UISupportedInterfaceOrientations_iPhone = "UIInterfaceOrientationPortrait UIInterfaceOrientationLandscapeLeft UIInterfaceOrientationLandscapeRight";
				LD_RUNPATH_SEARCH_PATHS = (
					"$(inherited)",
					"@executable_path/Frameworks",
				);
				MARKETING_VERSION = 1.0;
				PRODUCT_BUNDLE_IDENTIFIER = "HAP.IFTTT-challenge";
				PRODUCT_NAME = "$(TARGET_NAME)";
				SWIFT_EMIT_LOC_STRINGS = YES;
				SWIFT_VERSION = 5.0;
				TARGETED_DEVICE_FAMILY = "1,2";
			};
			name = Debug;
		};
		2C683FD72A0DF7FC00DC69AF /* Release */ = {
			isa = XCBuildConfiguration;
			buildSettings = {
				ASSETCATALOG_COMPILER_APPICON_NAME = AppIcon;
				ASSETCATALOG_COMPILER_GLOBAL_ACCENT_COLOR_NAME = AccentColor;
				CODE_SIGN_STYLE = Automatic;
				CURRENT_PROJECT_VERSION = 1;
				DEVELOPMENT_ASSET_PATHS = "\"IFTTT-challenge/Preview Content\"";
				DEVELOPMENT_TEAM = 9YLTPA768Z;
				ENABLE_PREVIEWS = YES;
				GENERATE_INFOPLIST_FILE = YES;
				INFOPLIST_KEY_UIApplicationSceneManifest_Generation = YES;
				INFOPLIST_KEY_UIApplicationSupportsIndirectInputEvents = YES;
				INFOPLIST_KEY_UILaunchScreen_Generation = YES;
				INFOPLIST_KEY_UISupportedInterfaceOrientations_iPad = "UIInterfaceOrientationPortrait UIInterfaceOrientationPortraitUpsideDown UIInterfaceOrientationLandscapeLeft UIInterfaceOrientationLandscapeRight";
				INFOPLIST_KEY_UISupportedInterfaceOrientations_iPhone = "UIInterfaceOrientationPortrait UIInterfaceOrientationLandscapeLeft UIInterfaceOrientationLandscapeRight";
				LD_RUNPATH_SEARCH_PATHS = (
					"$(inherited)",
					"@executable_path/Frameworks",
				);
				MARKETING_VERSION = 1.0;
				PRODUCT_BUNDLE_IDENTIFIER = "HAP.IFTTT-challenge";
				PRODUCT_NAME = "$(TARGET_NAME)";
				SWIFT_EMIT_LOC_STRINGS = YES;
				SWIFT_VERSION = 5.0;
				TARGETED_DEVICE_FAMILY = "1,2";
			};
			name = Release;
		};
		2C683FD92A0DF7FC00DC69AF /* Debug */ = {
			isa = XCBuildConfiguration;
			buildSettings = {
				ALWAYS_EMBED_SWIFT_STANDARD_LIBRARIES = YES;
				BUNDLE_LOADER = "$(TEST_HOST)";
				CODE_SIGN_STYLE = Automatic;
				CURRENT_PROJECT_VERSION = 1;
				DEVELOPMENT_TEAM = 9YLTPA768Z;
				GENERATE_INFOPLIST_FILE = YES;
				IPHONEOS_DEPLOYMENT_TARGET = 16.4;
				MARKETING_VERSION = 1.0;
				PRODUCT_BUNDLE_IDENTIFIER = "HAP.IFTTT-challengeTests";
				PRODUCT_NAME = "$(TARGET_NAME)";
				SWIFT_EMIT_LOC_STRINGS = NO;
				SWIFT_VERSION = 5.0;
				TARGETED_DEVICE_FAMILY = "1,2";
				TEST_HOST = "$(BUILT_PRODUCTS_DIR)/IFTTT-challenge.app/$(BUNDLE_EXECUTABLE_FOLDER_PATH)/IFTTT-challenge";
			};
			name = Debug;
		};
		2C683FDA2A0DF7FC00DC69AF /* Release */ = {
			isa = XCBuildConfiguration;
			buildSettings = {
				ALWAYS_EMBED_SWIFT_STANDARD_LIBRARIES = YES;
				BUNDLE_LOADER = "$(TEST_HOST)";
				CODE_SIGN_STYLE = Automatic;
				CURRENT_PROJECT_VERSION = 1;
				DEVELOPMENT_TEAM = 9YLTPA768Z;
				GENERATE_INFOPLIST_FILE = YES;
				IPHONEOS_DEPLOYMENT_TARGET = 16.4;
				MARKETING_VERSION = 1.0;
				PRODUCT_BUNDLE_IDENTIFIER = "HAP.IFTTT-challengeTests";
				PRODUCT_NAME = "$(TARGET_NAME)";
				SWIFT_EMIT_LOC_STRINGS = NO;
				SWIFT_VERSION = 5.0;
				TARGETED_DEVICE_FAMILY = "1,2";
				TEST_HOST = "$(BUILT_PRODUCTS_DIR)/IFTTT-challenge.app/$(BUNDLE_EXECUTABLE_FOLDER_PATH)/IFTTT-challenge";
			};
			name = Release;
		};
		2C683FDC2A0DF7FC00DC69AF /* Debug */ = {
			isa = XCBuildConfiguration;
			buildSettings = {
				ALWAYS_EMBED_SWIFT_STANDARD_LIBRARIES = YES;
				CODE_SIGN_STYLE = Automatic;
				CURRENT_PROJECT_VERSION = 1;
				DEVELOPMENT_TEAM = 9YLTPA768Z;
				GENERATE_INFOPLIST_FILE = YES;
				MARKETING_VERSION = 1.0;
				PRODUCT_BUNDLE_IDENTIFIER = "HAP.IFTTT-challengeUITests";
				PRODUCT_NAME = "$(TARGET_NAME)";
				SWIFT_EMIT_LOC_STRINGS = NO;
				SWIFT_VERSION = 5.0;
				TARGETED_DEVICE_FAMILY = "1,2";
				TEST_TARGET_NAME = "IFTTT-challenge";
			};
			name = Debug;
		};
		2C683FDD2A0DF7FC00DC69AF /* Release */ = {
			isa = XCBuildConfiguration;
			buildSettings = {
				ALWAYS_EMBED_SWIFT_STANDARD_LIBRARIES = YES;
				CODE_SIGN_STYLE = Automatic;
				CURRENT_PROJECT_VERSION = 1;
				DEVELOPMENT_TEAM = 9YLTPA768Z;
				GENERATE_INFOPLIST_FILE = YES;
				MARKETING_VERSION = 1.0;
				PRODUCT_BUNDLE_IDENTIFIER = "HAP.IFTTT-challengeUITests";
				PRODUCT_NAME = "$(TARGET_NAME)";
				SWIFT_EMIT_LOC_STRINGS = NO;
				SWIFT_VERSION = 5.0;
				TARGETED_DEVICE_FAMILY = "1,2";
				TEST_TARGET_NAME = "IFTTT-challenge";
			};
			name = Release;
		};
/* End XCBuildConfiguration section */

/* Begin XCConfigurationList section */
		2C683FAC2A0DF7FB00DC69AF /* Build configuration list for PBXProject "IFTTT-challenge" */ = {
			isa = XCConfigurationList;
			buildConfigurations = (
				2C683FD32A0DF7FC00DC69AF /* Debug */,
				2C683FD42A0DF7FC00DC69AF /* Release */,
			);
			defaultConfigurationIsVisible = 0;
			defaultConfigurationName = Release;
		};
		2C683FD52A0DF7FC00DC69AF /* Build configuration list for PBXNativeTarget "IFTTT-challenge" */ = {
			isa = XCConfigurationList;
			buildConfigurations = (
				2C683FD62A0DF7FC00DC69AF /* Debug */,
				2C683FD72A0DF7FC00DC69AF /* Release */,
			);
			defaultConfigurationIsVisible = 0;
			defaultConfigurationName = Release;
		};
		2C683FD82A0DF7FC00DC69AF /* Build configuration list for PBXNativeTarget "IFTTT-challengeTests" */ = {
			isa = XCConfigurationList;
			buildConfigurations = (
				2C683FD92A0DF7FC00DC69AF /* Debug */,
				2C683FDA2A0DF7FC00DC69AF /* Release */,
			);
			defaultConfigurationIsVisible = 0;
			defaultConfigurationName = Release;
		};
		2C683FDB2A0DF7FC00DC69AF /* Build configuration list for PBXNativeTarget "IFTTT-challengeUITests" */ = {
			isa = XCConfigurationList;
			buildConfigurations = (
				2C683FDC2A0DF7FC00DC69AF /* Debug */,
				2C683FDD2A0DF7FC00DC69AF /* Release */,
			);
			defaultConfigurationIsVisible = 0;
			defaultConfigurationName = Release;
		};
/* End XCConfigurationList section */

/* Begin XCRemoteSwiftPackageReference section */
		2CF7034F2A13463C00E130CC /* XCRemoteSwiftPackageReference "Kingfisher" */ = {
			isa = XCRemoteSwiftPackageReference;
			repositoryURL = "https://github.com/onevcat/Kingfisher.git";
			requirement = {
				kind = upToNextMajorVersion;
				minimumVersion = 7.0.0;
			};
		};
/* End XCRemoteSwiftPackageReference section */

/* Begin XCSwiftPackageProductDependency section */
		2CF703502A13463C00E130CC /* Kingfisher */ = {
			isa = XCSwiftPackageProductDependency;
			package = 2CF7034F2A13463C00E130CC /* XCRemoteSwiftPackageReference "Kingfisher" */;
			productName = Kingfisher;
		};
/* End XCSwiftPackageProductDependency section */
	};
	rootObject = 2C683FA92A0DF7FB00DC69AF /* Project object */;
}
